
Microsoft Visual Studio Solution File, Format Version 12.00
# Visual Studio Version 17
VisualStudioVersion = 17.6.33829.357
MinimumVisualStudioVersion = 10.0.40219.1
Project("{9A19103F-16F7-4668-BE54-9A1E7A4F7556}") = "LoanWiseMVC", "LoanWiseMVC\LoanWiseMVC.csproj", "{6CB064A5-EC40-48B9-8394-AF7A010E4543}"
EndProject
Global
	GlobalSection(SolutionConfigurationPlatforms) = preSolution
		Debug|Any CPU = Debug|Any CPU
		Release|Any CPU = Release|Any CPU
	EndGlobalSection
	GlobalSection(ProjectConfigurationPlatforms) = postSolution
		{6CB064A5-EC40-48B9-8394-AF7A010E4543}.Debug|Any CPU.ActiveCfg = Debug|Any CPU
		{6CB064A5-EC40-48B9-8394-AF7A010E4543}.Debug|Any CPU.Build.0 = Debug|Any CPU
		{6CB064A5-EC40-48B9-8394-AF7A010E4543}.Release|Any CPU.ActiveCfg = Release|Any CPU
		{6CB064A5-EC40-48B9-8394-AF7A010E4543}.Release|Any CPU.Build.0 = Release|Any CPU
	EndGlobalSection
	GlobalSection(SolutionProperties) = preSolution
		HideSolutionNode = FALSE
	EndGlobalSection
	GlobalSection(ExtensibilityGlobals) = postSolution
		SolutionGuid = {946A7FA9-5385-420C-ABBB-12F654B38603}
	EndGlobalSection
EndGlobal
